
Microsoft Visual Studio Solution File, Format Version 12.00
# Visual Studio Version 16
VisualStudioVersion = 16.0.30114.105
MinimumVisualStudioVersion = 10.0.40219.1
Project("{FAE04EC0-301F-11D3-BF4B-00C04F79EFBC}") = "ShapesAPI", "ShapesAPI\ShapesAPI.csproj", "{BFCDBAED-F69B-4C1B-99B7-426FEC061D8F}"
EndProject
Project("{FAE04EC0-301F-11D3-BF4B-00C04F79EFBC}") = "ShapesLibrary", "ShapesLibrary\ShapesLibrary.csproj", "{ADA13FC7-9383-4911-9A3B-B472C9BB0804}"
EndProject
Project("{FAE04EC0-301F-11D3-BF4B-00C04F79EFBC}") = "ShapesTests", "ShapesTests\ShapesTests.csproj", "{C6A63985-4976-428A-9533-5D26E613604F}"
EndProject
Global
	GlobalSection(SolutionConfigurationPlatforms) = preSolution
		Debug|Any CPU = Debug|Any CPU
		Debug|x64 = Debug|x64
		Debug|x86 = Debug|x86
		Release|Any CPU = Release|Any CPU
		Release|x64 = Release|x64
		Release|x86 = Release|x86
	EndGlobalSection
	GlobalSection(SolutionProperties) = preSolution
		HideSolutionNode = FALSE
	EndGlobalSection
	GlobalSection(ProjectConfigurationPlatforms) = postSolution
		{BFCDBAED-F69B-4C1B-99B7-426FEC061D8F}.Debug|Any CPU.ActiveCfg = Debug|Any CPU
		{BFCDBAED-F69B-4C1B-99B7-426FEC061D8F}.Debug|Any CPU.Build.0 = Debug|Any CPU
		{BFCDBAED-F69B-4C1B-99B7-426FEC061D8F}.Debug|x64.ActiveCfg = Debug|Any CPU
		{BFCDBAED-F69B-4C1B-99B7-426FEC061D8F}.Debug|x64.Build.0 = Debug|Any CPU
		{BFCDBAED-F69B-4C1B-99B7-426FEC061D8F}.Debug|x86.ActiveCfg = Debug|Any CPU
		{BFCDBAED-F69B-4C1B-99B7-426FEC061D8F}.Debug|x86.Build.0 = Debug|Any CPU
		{BFCDBAED-F69B-4C1B-99B7-426FEC061D8F}.Release|Any CPU.ActiveCfg = Release|Any CPU
		{BFCDBAED-F69B-4C1B-99B7-426FEC061D8F}.Release|Any CPU.Build.0 = Release|Any CPU
		{BFCDBAED-F69B-4C1B-99B7-426FEC061D8F}.Release|x64.ActiveCfg = Release|Any CPU
		{BFCDBAED-F69B-4C1B-99B7-426FEC061D8F}.Release|x64.Build.0 = Release|Any CPU
		{BFCDBAED-F69B-4C1B-99B7-426FEC061D8F}.Release|x86.ActiveCfg = Release|Any CPU
		{BFCDBAED-F69B-4C1B-99B7-426FEC061D8F}.Release|x86.Build.0 = Release|Any CPU
		{ADA13FC7-9383-4911-9A3B-B472C9BB0804}.Debug|Any CPU.ActiveCfg = Debug|Any CPU
		{ADA13FC7-9383-4911-9A3B-B472C9BB0804}.Debug|Any CPU.Build.0 = Debug|Any CPU
		{ADA13FC7-9383-4911-9A3B-B472C9BB0804}.Debug|x64.ActiveCfg = Debug|Any CPU
		{ADA13FC7-9383-4911-9A3B-B472C9BB0804}.Debug|x64.Build.0 = Debug|Any CPU
		{ADA13FC7-9383-4911-9A3B-B472C9BB0804}.Debug|x86.ActiveCfg = Debug|Any CPU
		{ADA13FC7-9383-4911-9A3B-B472C9BB0804}.Debug|x86.Build.0 = Debug|Any CPU
		{ADA13FC7-9383-4911-9A3B-B472C9BB0804}.Release|Any CPU.ActiveCfg = Release|Any CPU
		{ADA13FC7-9383-4911-9A3B-B472C9BB0804}.Release|Any CPU.Build.0 = Release|Any CPU
		{ADA13FC7-9383-4911-9A3B-B472C9BB0804}.Release|x64.ActiveCfg = Release|Any CPU
		{ADA13FC7-9383-4911-9A3B-B472C9BB0804}.Release|x64.Build.0 = Release|Any CPU
		{ADA13FC7-9383-4911-9A3B-B472C9BB0804}.Release|x86.ActiveCfg = Release|Any CPU
		{ADA13FC7-9383-4911-9A3B-B472C9BB0804}.Release|x86.Build.0 = Release|Any CPU
		{C6A63985-4976-428A-9533-5D26E613604F}.Debug|Any CPU.ActiveCfg = Debug|Any CPU
		{C6A63985-4976-428A-9533-5D26E613604F}.Debug|Any CPU.Build.0 = Debug|Any CPU
		{C6A63985-4976-428A-9533-5D26E613604F}.Debug|x64.ActiveCfg = Debug|Any CPU
		{C6A63985-4976-428A-9533-5D26E613604F}.Debug|x64.Build.0 = Debug|Any CPU
		{C6A63985-4976-428A-9533-5D26E613604F}.Debug|x86.ActiveCfg = Debug|Any CPU
		{C6A63985-4976-428A-9533-5D26E613604F}.Debug|x86.Build.0 = Debug|Any CPU
		{C6A63985-4976-428A-9533-5D26E613604F}.Release|Any CPU.ActiveCfg = Release|Any CPU
		{C6A63985-4976-428A-9533-5D26E613604F}.Release|Any CPU.Build.0 = Release|Any CPU
		{C6A63985-4976-428A-9533-5D26E613604F}.Release|x64.ActiveCfg = Release|Any CPU
		{C6A63985-4976-428A-9533-5D26E613604F}.Release|x64.Build.0 = Release|Any CPU
		{C6A63985-4976-428A-9533-5D26E613604F}.Release|x86.ActiveCfg = Release|Any CPU
		{C6A63985-4976-428A-9533-5D26E613604F}.Release|x86.Build.0 = Release|Any CPU
	EndGlobalSection
EndGlobal
